
Microsoft Visual Studio Solution File, Format Version 12.00
# Visual Studio Version 17
VisualStudioVersion = 17.5.002.0
MinimumVisualStudioVersion = 10.0.40219.1
Project("{9A19103F-16F7-4668-BE54-9A1E7A4F7556}") = "CrudApp", "CrudApp.csproj", "{4FEEE4DC-0728-4E12-B795-163596BA5140}"
EndProject
Global
	GlobalSection(SolutionConfigurationPlatforms) = preSolution
		Debug|Any CPU = Debug|Any CPU
		Release|Any CPU = Release|Any CPU
	EndGlobalSection
	GlobalSection(ProjectConfigurationPlatforms) = postSolution
		{4FEEE4DC-0728-4E12-B795-163596BA5140}.Debug|Any CPU.ActiveCfg = Debug|Any CPU
		{4FEEE4DC-0728-4E12-B795-163596BA5140}.Debug|Any CPU.Build.0 = Debug|Any CPU
		{4FEEE4DC-0728-4E12-B795-163596BA5140}.Release|Any CPU.ActiveCfg = Release|Any CPU
		{4FEEE4DC-0728-4E12-B795-163596BA5140}.Release|Any CPU.Build.0 = Release|Any CPU
	EndGlobalSection
	GlobalSection(SolutionProperties) = preSolution
		HideSolutionNode = FALSE
	EndGlobalSection
	GlobalSection(ExtensibilityGlobals) = postSolution
		SolutionGuid = {9F368934-DC04-49E5-8E9D-ED542B293D9E}
	EndGlobalSection
EndGlobal
